{
  "lockfile_version": "1",
  "packages": {
    "cdxgen@latest": {
      "last_modified": "2026-03-30T07:26:21Z",
      "resolved": "github:NixOS/nixpkgs/15c6719d8c604779cf59e03c245ea61d3d7ab69b#cdxgen",
      "source": "devbox-search",
      "version": "11.10.0",
      "systems": {
        "aarch64-darwin": {
          "outputs": [
            {
              "name": "out",
              "path": "/nix/store/6iglzq869spkl7726j8c7gxhkd7laxfy-cdxgen-11.10.0",
              "default": true
            }
          ],
          "store_path": "/nix/store/6iglzq869spkl7726j8c7gxhkd7laxfy-cdxgen-11.10.0"
        },
        "aarch64-linux": {
          "outputs": [
            {
              "name": "out",
              "path": "/nix/store/3jwbiilldrvrba9iahbrv9zvp68l1sh1-cdxgen-11.10.0",
              "default": true
            }
          ],
          "store_path": "/nix/store/3jwbiilldrvrba9iahbrv9zvp68l1sh1-cdxgen-11.10.0"
        },
        "x86_64-darwin": {
          "outputs": [
            {
              "name": "out",
              "path": "/nix/store/3bypsvh5d0daxydzkj7l0r467q7c4a4b-cdxgen-11.10.0",
              "default": true
            }
          ],
          "store_path": "/nix/store/3bypsvh5d0daxydzkj7l0r467q7c4a4b-cdxgen-11.10.0"
        },
        "x86_64-linux": {
          "outputs": [
            {
              "name": "out",
              "path": "/nix/store/11ggxk170zphphbvcwa2xxb8anlxah15-cdxgen-11.10.0",
              "default": true
            }
          ],
          "store_path": "/nix/store/11ggxk170zphphbvcwa2xxb8anlxah15-cdxgen-11.10.0"
        }
      }
    },
    "colima@latest": {
      "last_modified": "2026-04-05T07:14:34Z",
      "resolved": "github:NixOS/nixpkgs/bd48fcede9287ff448ecc84c4e94a4fca4bd0d72#colima",
      "source": "devbox-search",
      "version": "0.10.1",
      "systems": {
        "aarch64-darwin": {
          "outputs": [
            {
              "name": "out",
              "path": "/nix/store/hfq6f8iz65094jfwdmmp0i2q2i5rgagy-colima-0.10.1",
              "default": true
            }
          ],
          "store_path": "/nix/store/hfq6f8iz65094jfwdmmp0i2q2i5rgagy-colima-0.10.1"
        },
        "aarch64-linux": {
          "outputs": [
            {
              "name": "out",
              "path": "/nix/store/dmnbr7g78sf65m4j20xv74sax60bsh2s-colima-0.10.1",
              "default": true
            }
          ],
          "store_path": "/nix/store/dmnbr7g78sf65m4j20xv74sax60bsh2s-colima-0.10.1"
        },
        "x86_64-darwin": {
          "outputs": [
            {
              "name": "out",
              "path": "/nix/store/rqhkmjrzx4fr38glnwpjnm25wy6aqqxh-colima-0.10.1",
              "default": true
            }
          ],
          "store_path": "/nix/store/rqhkmjrzx4fr38glnwpjnm25wy6aqqxh-colima-0.10.1"
        },
        "x86_64-linux": {
          "outputs": [
            {
              "name": "out",
              "path": "/nix/store/yi425zy11gsywcm77w3668x1dyr7i4i0-colima-0.10.1",
              "default": true
            }
          ],
          "store_path": "/nix/store/yi425zy11gsywcm77w3668x1dyr7i4i0-colima-0.10.1"
        }
      }
    },
    "github:NixOS/nixpkgs/nixpkgs-unstable": {
      "last_modified": "2026-04-11T06:17:25Z",
      "resolved": "github:NixOS/nixpkgs/13043924aaa7375ce482ebe2494338e058282925?lastModified=1775888245&narHash=sha256-nwASzrRDD1JBEu%2Fo8ekKYEXm%2FoJW6EMCzCRdrwcLe90%3D"
    },
    "go@1.25.0": {
      "last_modified": "2025-09-18T16:33:27Z",
      "resolved": "github:NixOS/nixpkgs/f4b140d5b253f5e2a1ff4e5506edbf8267724bde#go",
      "source": "devbox-search",
      "version": "1.25.0",
      "systems": {
        "aarch64-darwin": {
          "outputs": [
            {
              "name": "out",
              "path": "/nix/store/cr196bvbbai01r0w11p1inkzkdrqdx6y-go-1.25.0",
              "default": true
            }
          ],
          "store_path": "/nix/store/cr196bvbbai01r0w11p1inkzkdrqdx6y-go-1.25.0"
        },
        "aarch64-linux": {
          "outputs": [
            {
              "name": "out",
              "path": "/nix/store/yhcdwwikp86p2cpq0qr7di91ji63460s-go-1.25.0",
              "default": true
            }
          ],
          "store_path": "/nix/store/yhcdwwikp86p2cpq0qr7di91ji63460s-go-1.25.0"
        },
        "x86_64-darwin": {
          "outputs": [
            {
              "name": "out",
              "path": "/nix/store/hz7dfw13v8iff4vf6vbnqnlnd7wh7j5x-go-1.25.0",
              "default": true
            }
          ],
          "store_path": "/nix/store/hz7dfw13v8iff4vf6vbnqnlnd7wh7j5x-go-1.25.0"
        },
        "x86_64-linux": {
          "outputs": [
            {
              "name": "out",
              "path": "/nix/store/3fd683jfggglpshxprz9mi5sz8wd3c9p-go-1.25.0",
              "default": true
            }
          ],
          "store_path": "/nix/store/3fd683jfggglpshxprz9mi5sz8wd3c9p-go-1.25.0"
        }
      }
    },
    "pack@latest": {
      "last_modified": "2026-03-21T07:29:51Z",
      "resolved": "github:NixOS/nixpkgs/09061f748ee21f68a089cd5d91ec1859cd93d0be#pack",
      "source": "devbox-search",
      "version": "0.38.2",
      "systems": {
        "aarch64-darwin": {
          "outputs": [
            {
              "name": "out",
              "path": "/nix/store/r1hd4c73va8h7hcmrmi0lhn7y80lfn3y-pack-0.38.2",
              "default": true
            }
          ],
          "store_path": "/nix/store/r1hd4c73va8h7hcmrmi0lhn7y80lfn3y-pack-0.38.2"
        },
        "aarch64-linux": {
          "outputs": [
            {
              "name": "out",
              "path": "/nix/store/ss88li7xiwxz1ijigm9mwbygw1vkka7y-pack-0.38.2",
              "default": true
            }
          ],
          "store_path": "/nix/store/ss88li7xiwxz1ijigm9mwbygw1vkka7y-pack-0.38.2"
        },
        "x86_64-darwin": {
          "outputs": [
            {
              "name": "out",
              "path": "/nix/store/dvn009hhyiskic6mrwab5ddy793vsk2c-pack-0.38.2",
              "default": true
            }
          ],
          "store_path": "/nix/store/dvn009hhyiskic6mrwab5ddy793vsk2c-pack-0.38.2"
        },
        "x86_64-linux": {
          "outputs": [
            {
              "name": "out",
              "path": "/nix/store/g0k86hmmmyrpwayv70q50qh55szv2yxx-pack-0.38.2",
              "default": true
            }
          ],
          "store_path": "/nix/store/g0k86hmmmyrpwayv70q50qh55szv2yxx-pack-0.38.2"
        }
      }
    }
  }
}
