{
  "lockfile_version": "1",
  "packages": {
    "github:NixOS/nixpkgs/nixpkgs-unstable": {
      "last_modified": "2026-04-10T12:25:30Z",
      "resolved": "github:NixOS/nixpkgs/8c11f88bb9573a10a7d6bf87161ef08455ac70b9?lastModified=1775823930&narHash=sha256-ALT447J7FcxP%2F97J01A%2Fgp%2FhgdO5lXRsm%2BzLMt%2BgIjc%3D"
    },
    "go@1.25.8": {
      "last_modified": "2026-03-21T07:29:51Z",
      "resolved": "github:NixOS/nixpkgs/09061f748ee21f68a089cd5d91ec1859cd93d0be#go_1_25",
      "source": "devbox-search",
      "version": "1.25.8",
      "systems": {
        "aarch64-darwin": {
          "outputs": [
            {
              "name": "out",
              "path": "/nix/store/m75i5xxz9bfca0shgq8p7jlp2idxf81y-go-1.25.8",
              "default": true
            }
          ],
          "store_path": "/nix/store/m75i5xxz9bfca0shgq8p7jlp2idxf81y-go-1.25.8"
        },
        "aarch64-linux": {
          "outputs": [
            {
              "name": "out",
              "path": "/nix/store/ghfjpn4k1fg4ic70vmkjxhl247dpraj5-go-1.25.8",
              "default": true
            }
          ],
          "store_path": "/nix/store/ghfjpn4k1fg4ic70vmkjxhl247dpraj5-go-1.25.8"
        },
        "x86_64-darwin": {
          "outputs": [
            {
              "name": "out",
              "path": "/nix/store/67wfx8vnjfbqi848xg96kqpysrngn54a-go-1.25.8",
              "default": true
            }
          ],
          "store_path": "/nix/store/67wfx8vnjfbqi848xg96kqpysrngn54a-go-1.25.8"
        },
        "x86_64-linux": {
          "outputs": [
            {
              "name": "out",
              "path": "/nix/store/rv5np8wj0hmp0nqkbjyr02sk24c77bjk-go-1.25.8",
              "default": true
            }
          ],
          "store_path": "/nix/store/rv5np8wj0hmp0nqkbjyr02sk24c77bjk-go-1.25.8"
        }
      }
    }
  }
}
